// !$*UTF8*$!
{
	archiveVersion = 1;
	classes = {
	};
	objectVersion = 50;
	objects = {

/* Begin PBXBuildFile section */
		4196A7DA25D7251500C27571 /* AppDelegate.swift in Sources */ = {isa = PBXBuildFile; fileRef = 4196A7D925D7251500C27571 /* AppDelegate.swift */; };
		4196A7DC25D7251500C27571 /* SceneDelegate.swift in Sources */ = {isa = PBXBuildFile; fileRef = 4196A7DB25D7251500C27571 /* SceneDelegate.swift */; };
		4196A7DE25D7251500C27571 /* ContentView.swift in Sources */ = {isa = PBXBuildFile; fileRef = 4196A7DD25D7251500C27571 /* ContentView.swift */; };
		4196A7E025D7251700C27571 /* Assets.xcassets in Resources */ = {isa = PBXBuildFile; fileRef = 4196A7DF25D7251700C27571 /* Assets.xcassets */; };
		4196A7E325D7251700C27571 /* Preview Assets.xcassets in Resources */ = {isa = PBXBuildFile; fileRef = 4196A7E225D7251700C27571 /* Preview Assets.xcassets */; };
		4196A7E625D7251700C27571 /* LaunchScreen.storyboard in Resources */ = {isa = PBXBuildFile; fileRef = 4196A7E425D7251700C27571 /* LaunchScreen.storyboard */; };
		4196A7F625D7321A00C27571 /* ChampionData.swift in Sources */ = {isa = PBXBuildFile; fileRef = 4196A7F525D7321A00C27571 /* ChampionData.swift */; };
		4196A7FD25D7A0CC00C27571 /* ChampionDataManager.swift in Sources */ = {isa = PBXBuildFile; fileRef = 4196A7FC25D7A0CC00C27571 /* ChampionDataManager.swift */; };
		4196A81425D84F0F00C27571 /* ChampionDetailedData.swift in Sources */ = {isa = PBXBuildFile; fileRef = 4196A81325D84F0F00C27571 /* ChampionDetailedData.swift */; };
		4196A81925D8509200C27571 /* ChampionDetailedDataManager.swift in Sources */ = {isa = PBXBuildFile; fileRef = 4196A81825D8509200C27571 /* ChampionDetailedDataManager.swift */; };
		4196A81E25D8513100C27571 /* DetailView.swift in Sources */ = {isa = PBXBuildFile; fileRef = 4196A81D25D8513100C27571 /* DetailView.swift */; };
		4196A82325D855D200C27571 /* VersionData.swift in Sources */ = {isa = PBXBuildFile; fileRef = 4196A82225D855D200C27571 /* VersionData.swift */; };
		4196A82825D8569E00C27571 /* VersionDataManager.swift in Sources */ = {isa = PBXBuildFile; fileRef = 4196A82725D8569E00C27571 /* VersionDataManager.swift */; };
		4196A82B25D8580B00C27571 /* VersionTestView.swift in Sources */ = {isa = PBXBuildFile; fileRef = 4196A82A25D8580B00C27571 /* VersionTestView.swift */; };
		4196A82E25D86CC600C27571 /* DataManager.swift in Sources */ = {isa = PBXBuildFile; fileRef = 4196A82D25D86CC600C27571 /* DataManager.swift */; };
		4196A83525D8831900C27571 /* ChampionVersionView.swift in Sources */ = {isa = PBXBuildFile; fileRef = 4196A83425D8831900C27571 /* ChampionVersionView.swift */; };
/* End PBXBuildFile section */

/* Begin PBXFileReference section */
		4196A7D625D7251500C27571 /* LeagueOfSounds.app */ = {isa = PBXFileReference; explicitFileType = wrapper.application; includeInIndex = 0; path = LeagueOfSounds.app; sourceTree = BUILT_PRODUCTS_DIR; };
		4196A7D925D7251500C27571 /* AppDelegate.swift */ = {isa = PBXFileReference; lastKnownFileType = sourcecode.swift; path = AppDelegate.swift; sourceTree = "<group>"; };
		4196A7DB25D7251500C27571 /* SceneDelegate.swift */ = {isa = PBXFileReference; lastKnownFileType = sourcecode.swift; path = SceneDelegate.swift; sourceTree = "<group>"; };
		4196A7DD25D7251500C27571 /* ContentView.swift */ = {isa = PBXFileReference; lastKnownFileType = sourcecode.swift; path = ContentView.swift; sourceTree = "<group>"; };
		4196A7DF25D7251700C27571 /* Assets.xcassets */ = {isa = PBXFileReference; lastKnownFileType = folder.assetcatalog; path = Assets.xcassets; sourceTree = "<group>"; };
		4196A7E225D7251700C27571 /* Preview Assets.xcassets */ = {isa = PBXFileReference; lastKnownFileType = folder.assetcatalog; path = "Preview Assets.xcassets"; sourceTree = "<group>"; };
		4196A7E525D7251700C27571 /* Base */ = {isa = PBXFileReference; lastKnownFileType = file.storyboard; name = Base; path = Base.lproj/LaunchScreen.storyboard; sourceTree = "<group>"; };
		4196A7E725D7251700C27571 /* Info.plist */ = {isa = PBXFileReference; lastKnownFileType = text.plist.xml; path = Info.plist; sourceTree = "<group>"; };
		4196A7F525D7321A00C27571 /* ChampionData.swift */ = {isa = PBXFileReference; lastKnownFileType = sourcecode.swift; path = ChampionData.swift; sourceTree = "<group>"; };
		4196A7FC25D7A0CC00C27571 /* ChampionDataManager.swift */ = {isa = PBXFileReference; lastKnownFileType = sourcecode.swift; path = ChampionDataManager.swift; sourceTree = "<group>"; };
		4196A81325D84F0F00C27571 /* ChampionDetailedData.swift */ = {isa = PBXFileReference; lastKnownFileType = sourcecode.swift; path = ChampionDetailedData.swift; sourceTree = "<group>"; };
		4196A81825D8509200C27571 /* ChampionDetailedDataManager.swift */ = {isa = PBXFileReference; lastKnownFileType = sourcecode.swift; path = ChampionDetailedDataManager.swift; sourceTree = "<group>"; };
		4196A81D25D8513100C27571 /* DetailView.swift */ = {isa = PBXFileReference; lastKnownFileType = sourcecode.swift; path = DetailView.swift; sourceTree = "<group>"; };
		4196A82225D855D200C27571 /* VersionData.swift */ = {isa = PBXFileReference; lastKnownFileType = sourcecode.swift; path = VersionData.swift; sourceTree = "<group>"; };
		4196A82725D8569E00C27571 /* VersionDataManager.swift */ = {isa = PBXFileReference; lastKnownFileType = sourcecode.swift; path = VersionDataManager.swift; sourceTree = "<group>"; };
		4196A82A25D8580B00C27571 /* VersionTestView.swift */ = {isa = PBXFileReference; lastKnownFileType = sourcecode.swift; path = VersionTestView.swift; sourceTree = "<group>"; };
		4196A82D25D86CC600C27571 /* DataManager.swift */ = {isa = PBXFileReference; lastKnownFileType = sourcecode.swift; path = DataManager.swift; sourceTree = "<group>"; };
		4196A83425D8831900C27571 /* ChampionVersionView.swift */ = {isa = PBXFileReference; lastKnownFileType = sourcecode.swift; path = ChampionVersionView.swift; sourceTree = "<group>"; };
/* End PBXFileReference section */

/* Begin PBXFrameworksBuildPhase section */
		4196A7D325D7251500C27571 /* Frameworks */ = {
			isa = PBXFrameworksBuildPhase;
			buildActionMask = 2147483647;
			files = (
			);
			runOnlyForDeploymentPostprocessing = 0;
		};
/* End PBXFrameworksBuildPhase section */

/* Begin PBXGroup section */
		4196A7CD25D7251500C27571 = {
			isa = PBXGroup;
			children = (
				4196A7D825D7251500C27571 /* LeagueOfSounds */,
				4196A7D725D7251500C27571 /* Products */,
			);
			sourceTree = "<group>";
		};
		4196A7D725D7251500C27571 /* Products */ = {
			isa = PBXGroup;
			children = (
				4196A7D625D7251500C27571 /* LeagueOfSounds.app */,
			);
			name = Products;
			sourceTree = "<group>";
		};
		4196A7D825D7251500C27571 /* LeagueOfSounds */ = {
			isa = PBXGroup;
			children = (
				4196A7D925D7251500C27571 /* AppDelegate.swift */,
				4196A7DB25D7251500C27571 /* SceneDelegate.swift */,
				4196A81B25D8512000C27571 /* View */,
				4196A7F125D7273F00C27571 /* Model */,
				4196A7E425D7251700C27571 /* LaunchScreen.storyboard */,
				4196A7E725D7251700C27571 /* Info.plist */,
				4196A7DF25D7251700C27571 /* Assets.xcassets */,
				4196A7E125D7251700C27571 /* Preview Content */,
			);
			path = LeagueOfSounds;
			sourceTree = "<group>";
		};
		4196A7E125D7251700C27571 /* Preview Content */ = {
			isa = PBXGroup;
			children = (
				4196A7E225D7251700C27571 /* Preview Assets.xcassets */,
			);
			path = "Preview Content";
			sourceTree = "<group>";
		};
		4196A7F125D7273F00C27571 /* Model */ = {
			isa = PBXGroup;
			children = (
				4196A7F525D7321A00C27571 /* ChampionData.swift */,
				4196A81325D84F0F00C27571 /* ChampionDetailedData.swift */,
				4196A82225D855D200C27571 /* VersionData.swift */,
				4196A82525D8567300C27571 /* Networking */,
			);
			path = Model;
			sourceTree = "<group>";
		};
		4196A81B25D8512000C27571 /* View */ = {
			isa = PBXGroup;
			children = (
				4196A82A25D8580B00C27571 /* VersionTestView.swift */,
				4196A7DD25D7251500C27571 /* ContentView.swift */,
				4196A81D25D8513100C27571 /* DetailView.swift */,
				4196A83425D8831900C27571 /* ChampionVersionView.swift */,
			);
			path = View;
			sourceTree = "<group>";
		};
		4196A82525D8567300C27571 /* Networking */ = {
			isa = PBXGroup;
			children = (
				4196A82725D8569E00C27571 /* VersionDataManager.swift */,
				4196A7FC25D7A0CC00C27571 /* ChampionDataManager.swift */,
				4196A81825D8509200C27571 /* ChampionDetailedDataManager.swift */,
				4196A82D25D86CC600C27571 /* DataManager.swift */,
			);
			path = Networking;
			sourceTree = "<group>";
		};
/* End PBXGroup section */

/* Begin PBXNativeTarget section */
		4196A7D525D7251500C27571 /* LeagueOfSounds */ = {
			isa = PBXNativeTarget;
			buildConfigurationList = 4196A7EA25D7251700C27571 /* Build configuration list for PBXNativeTarget "LeagueOfSounds" */;
			buildPhases = (
				4196A7D225D7251500C27571 /* Sources */,
				4196A7D325D7251500C27571 /* Frameworks */,
				4196A7D425D7251500C27571 /* Resources */,
			);
			buildRules = (
			);
			dependencies = (
			);
			name = LeagueOfSounds;
			productName = LeagueOfSounds;
			productReference = 4196A7D625D7251500C27571 /* LeagueOfSounds.app */;
			productType = "com.apple.product-type.application";
		};
/* End PBXNativeTarget section */

/* Begin PBXProject section */
		4196A7CE25D7251500C27571 /* Project object */ = {
			isa = PBXProject;
			attributes = {
				LastSwiftUpdateCheck = 1240;
				LastUpgradeCheck = 1240;
				TargetAttributes = {
					4196A7D525D7251500C27571 = {
						CreatedOnToolsVersion = 12.4;
					};
				};
			};
			buildConfigurationList = 4196A7D125D7251500C27571 /* Build configuration list for PBXProject "LeagueOfSounds" */;
			compatibilityVersion = "Xcode 9.3";
			developmentRegion = en;
			hasScannedForEncodings = 0;
			knownRegions = (
				en,
				Base,
			);
			mainGroup = 4196A7CD25D7251500C27571;
			productRefGroup = 4196A7D725D7251500C27571 /* Products */;
			projectDirPath = "";
			projectRoot = "";
			targets = (
				4196A7D525D7251500C27571 /* LeagueOfSounds */,
			);
		};
/* End PBXProject section */

/* Begin PBXResourcesBuildPhase section */
		4196A7D425D7251500C27571 /* Resources */ = {
			isa = PBXResourcesBuildPhase;
			buildActionMask = 2147483647;
			files = (
				4196A7E625D7251700C27571 /* LaunchScreen.storyboard in Resources */,
				4196A7E325D7251700C27571 /* Preview Assets.xcassets in Resources */,
				4196A7E025D7251700C27571 /* Assets.xcassets in Resources */,
			);
			runOnlyForDeploymentPostprocessing = 0;
		};
/* End PBXResourcesBuildPhase section */

/* Begin PBXSourcesBuildPhase section */
		4196A7D225D7251500C27571 /* Sources */ = {
			isa = PBXSourcesBuildPhase;
			buildActionMask = 2147483647;
			files = (
				4196A7DA25D7251500C27571 /* AppDelegate.swift in Sources */,
				4196A82E25D86CC600C27571 /* DataManager.swift in Sources */,
				4196A82325D855D200C27571 /* VersionData.swift in Sources */,
				4196A81E25D8513100C27571 /* DetailView.swift in Sources */,
				4196A7DC25D7251500C27571 /* SceneDelegate.swift in Sources */,
				4196A7FD25D7A0CC00C27571 /* ChampionDataManager.swift in Sources */,
				4196A7F625D7321A00C27571 /* ChampionData.swift in Sources */,
				4196A81925D8509200C27571 /* ChampionDetailedDataManager.swift in Sources */,
				4196A83525D8831900C27571 /* ChampionVersionView.swift in Sources */,
				4196A7DE25D7251500C27571 /* ContentView.swift in Sources */,
				4196A82825D8569E00C27571 /* VersionDataManager.swift in Sources */,
				4196A81425D84F0F00C27571 /* ChampionDetailedData.swift in Sources */,
				4196A82B25D8580B00C27571 /* VersionTestView.swift in Sources */,
			);
			runOnlyForDeploymentPostprocessing = 0;
		};
/* End PBXSourcesBuildPhase section */

/* Begin PBXVariantGroup section */
		4196A7E425D7251700C27571 /* LaunchScreen.storyboard */ = {
			isa = PBXVariantGroup;
			children = (
				4196A7E525D7251700C27571 /* Base */,
			);
			name = LaunchScreen.storyboard;
			sourceTree = "<group>";
		};
/* End PBXVariantGroup section */

/* Begin XCBuildConfiguration section */
		4196A7E825D7251700C27571 /* Debug */ = {
			isa = XCBuildConfiguration;
			buildSettings = {
				ALWAYS_SEARCH_USER_PATHS = NO;
				CLANG_ANALYZER_NONNULL = YES;
				CLANG_ANALYZER_NUMBER_OBJECT_CONVERSION = YES_AGGRESSIVE;
				CLANG_CXX_LANGUAGE_STANDARD = "gnu++14";
				CLANG_CXX_LIBRARY = "libc++";
				CLANG_ENABLE_MODULES = YES;
				CLANG_ENABLE_OBJC_ARC = YES;
				CLANG_ENABLE_OBJC_WEAK = YES;
				CLANG_WARN_BLOCK_CAPTURE_AUTORELEASING = YES;
				CLANG_WARN_BOOL_CONVERSION = YES;
				CLANG_WARN_COMMA = YES;
				CLANG_WARN_CONSTANT_CONVERSION = YES;
				CLANG_WARN_DEPRECATED_OBJC_IMPLEMENTATIONS = YES;
				CLANG_WARN_DIRECT_OBJC_ISA_USAGE = YES_ERROR;
				CLANG_WARN_DOCUMENTATION_COMMENTS = YES;
				CLANG_WARN_EMPTY_BODY = YES;
				CLANG_WARN_ENUM_CONVERSION = YES;
				CLANG_WARN_INFINITE_RECURSION = YES;
				CLANG_WARN_INT_CONVERSION = YES;
				CLANG_WARN_NON_LITERAL_NULL_CONVERSION = YES;
				CLANG_WARN_OBJC_IMPLICIT_RETAIN_SELF = YES;
				CLANG_WARN_OBJC_LITERAL_CONVERSION = YES;
				CLANG_WARN_OBJC_ROOT_CLASS = YES_ERROR;
				CLANG_WARN_QUOTED_INCLUDE_IN_FRAMEWORK_HEADER = YES;
				CLANG_WARN_RANGE_LOOP_ANALYSIS = YES;
				CLANG_WARN_STRICT_PROTOTYPES = YES;
				CLANG_WARN_SUSPICIOUS_MOVE = YES;
				CLANG_WARN_UNGUARDED_AVAILABILITY = YES_AGGRESSIVE;
				CLANG_WARN_UNREACHABLE_CODE = YES;
				CLANG_WARN__DUPLICATE_METHOD_MATCH = YES;
				COPY_PHASE_STRIP = NO;
				DEBUG_INFORMATION_FORMAT = dwarf;
				ENABLE_STRICT_OBJC_MSGSEND = YES;
				ENABLE_TESTABILITY = YES;
				GCC_C_LANGUAGE_STANDARD = gnu11;
				GCC_DYNAMIC_NO_PIC = NO;
				GCC_NO_COMMON_BLOCKS = YES;
				GCC_OPTIMIZATION_LEVEL = 0;
				GCC_PREPROCESSOR_DEFINITIONS = (
					"DEBUG=1",
					"$(inherited)",
				);
				GCC_WARN_64_TO_32_BIT_CONVERSION = YES;
				GCC_WARN_ABOUT_RETURN_TYPE = YES_ERROR;
				GCC_WARN_UNDECLARED_SELECTOR = YES;
				GCC_WARN_UNINITIALIZED_AUTOS = YES_AGGRESSIVE;
				GCC_WARN_UNUSED_FUNCTION = YES;
				GCC_WARN_UNUSED_VARIABLE = YES;
				IPHONEOS_DEPLOYMENT_TARGET = 14.4;
				MTL_ENABLE_DEBUG_INFO = INCLUDE_SOURCE;
				MTL_FAST_MATH = YES;
				ONLY_ACTIVE_ARCH = YES;
				SDKROOT = iphoneos;
				SWIFT_ACTIVE_COMPILATION_CONDITIONS = DEBUG;
				SWIFT_OPTIMIZATION_LEVEL = "-Onone";
			};
			name = Debug;
		};
		4196A7E925D7251700C27571 /* Release */ = {
			isa = XCBuildConfiguration;
			buildSettings = {
				ALWAYS_SEARCH_USER_PATHS = NO;
				CLANG_ANALYZER_NONNULL = YES;
				CLANG_ANALYZER_NUMBER_OBJECT_CONVERSION = YES_AGGRESSIVE;
				CLANG_CXX_LANGUAGE_STANDARD = "gnu++14";
				CLANG_CXX_LIBRARY = "libc++";
				CLANG_ENABLE_MODULES = YES;
				CLANG_ENABLE_OBJC_ARC = YES;
				CLANG_ENABLE_OBJC_WEAK = YES;
				CLANG_WARN_BLOCK_CAPTURE_AUTORELEASING = YES;
				CLANG_WARN_BOOL_CONVERSION = YES;
				CLANG_WARN_COMMA = YES;
				CLANG_WARN_CONSTANT_CONVERSION = YES;
				CLANG_WARN_DEPRECATED_OBJC_IMPLEMENTATIONS = YES;
				CLANG_WARN_DIRECT_OBJC_ISA_USAGE = YES_ERROR;
				CLANG_WARN_DOCUMENTATION_COMMENTS = YES;
				CLANG_WARN_EMPTY_BODY = YES;
				CLANG_WARN_ENUM_CONVERSION = YES;
				CLANG_WARN_INFINITE_RECURSION = YES;
				CLANG_WARN_INT_CONVERSION = YES;
				CLANG_WARN_NON_LITERAL_NULL_CONVERSION = YES;
				CLANG_WARN_OBJC_IMPLICIT_RETAIN_SELF = YES;
				CLANG_WARN_OBJC_LITERAL_CONVERSION = YES;
				CLANG_WARN_OBJC_ROOT_CLASS = YES_ERROR;
				CLANG_WARN_QUOTED_INCLUDE_IN_FRAMEWORK_HEADER = YES;
				CLANG_WARN_RANGE_LOOP_ANALYSIS = YES;
				CLANG_WARN_STRICT_PROTOTYPES = YES;
				CLANG_WARN_SUSPICIOUS_MOVE = YES;
				CLANG_WARN_UNGUARDED_AVAILABILITY = YES_AGGRESSIVE;
				CLANG_WARN_UNREACHABLE_CODE = YES;
				CLANG_WARN__DUPLICATE_METHOD_MATCH = YES;
				COPY_PHASE_STRIP = NO;
				DEBUG_INFORMATION_FORMAT = "dwarf-with-dsym";
				ENABLE_NS_ASSERTIONS = NO;
				ENABLE_STRICT_OBJC_MSGSEND = YES;
				GCC_C_LANGUAGE_STANDARD = gnu11;
				GCC_NO_COMMON_BLOCKS = YES;
				GCC_WARN_64_TO_32_BIT_CONVERSION = YES;
				GCC_WARN_ABOUT_RETURN_TYPE = YES_ERROR;
				GCC_WARN_UNDECLARED_SELECTOR = YES;
				GCC_WARN_UNINITIALIZED_AUTOS = YES_AGGRESSIVE;
				GCC_WARN_UNUSED_FUNCTION = YES;
				GCC_WARN_UNUSED_VARIABLE = YES;
				IPHONEOS_DEPLOYMENT_TARGET = 14.4;
				MTL_ENABLE_DEBUG_INFO = NO;
				MTL_FAST_MATH = YES;
				SDKROOT = iphoneos;
				SWIFT_COMPILATION_MODE = wholemodule;
				SWIFT_OPTIMIZATION_LEVEL = "-O";
				VALIDATE_PRODUCT = YES;
			};
			name = Release;
		};
		4196A7EB25D7251700C27571 /* Debug */ = {
			isa = XCBuildConfiguration;
			buildSettings = {
				ASSETCATALOG_COMPILER_APPICON_NAME = AppIcon;
				ASSETCATALOG_COMPILER_GLOBAL_ACCENT_COLOR_NAME = AccentColor;
				CODE_SIGN_STYLE = Automatic;
				DEVELOPMENT_ASSET_PATHS = "\"LeagueOfSounds/Preview Content\"";
				DEVELOPMENT_TEAM = DYCJ8VNG33;
				ENABLE_PREVIEWS = YES;
				INFOPLIST_FILE = LeagueOfSounds/Info.plist;
				LD_RUNPATH_SEARCH_PATHS = (
					"$(inherited)",
					"@executable_path/Frameworks",
				);
				PRODUCT_BUNDLE_IDENTIFIER = com.svaar.LeagueOfSounds;
				PRODUCT_NAME = "$(TARGET_NAME)";
				SWIFT_VERSION = 5.0;
				TARGETED_DEVICE_FAMILY = "1,2";
			};
			name = Debug;
		};
		4196A7EC25D7251700C27571 /* Release */ = {
			isa = XCBuildConfiguration;
			buildSettings = {
				ASSETCATALOG_COMPILER_APPICON_NAME = AppIcon;
				ASSETCATALOG_COMPILER_GLOBAL_ACCENT_COLOR_NAME = AccentColor;
				CODE_SIGN_STYLE = Automatic;
				DEVELOPMENT_ASSET_PATHS = "\"LeagueOfSounds/Preview Content\"";
				DEVELOPMENT_TEAM = DYCJ8VNG33;
				ENABLE_PREVIEWS = YES;
				INFOPLIST_FILE = LeagueOfSounds/Info.plist;
				LD_RUNPATH_SEARCH_PATHS = (
					"$(inherited)",
					"@executable_path/Frameworks",
				);
				PRODUCT_BUNDLE_IDENTIFIER = com.svaar.LeagueOfSounds;
				PRODUCT_NAME = "$(TARGET_NAME)";
				SWIFT_VERSION = 5.0;
				TARGETED_DEVICE_FAMILY = "1,2";
			};
			name = Release;
		};
/* End XCBuildConfiguration section */

/* Begin XCConfigurationList section */
		4196A7D125D7251500C27571 /* Build configuration list for PBXProject "LeagueOfSounds" */ = {
			isa = XCConfigurationList;
			buildConfigurations = (
				4196A7E825D7251700C27571 /* Debug */,
				4196A7E925D7251700C27571 /* Release */,
			);
			defaultConfigurationIsVisible = 0;
			defaultConfigurationName = Release;
		};
		4196A7EA25D7251700C27571 /* Build configuration list for PBXNativeTarget "LeagueOfSounds" */ = {
			isa = XCConfigurationList;
			buildConfigurations = (
				4196A7EB25D7251700C27571 /* Debug */,
				4196A7EC25D7251700C27571 /* Release */,
			);
			defaultConfigurationIsVisible = 0;
			defaultConfigurationName = Release;
		};
/* End XCConfigurationList section */
	};
	rootObject = 4196A7CE25D7251500C27571 /* Project object */;
}
