// !$*UTF8*$!
{
	archiveVersion = 1;
	classes = {
	};
	objectVersion = 56;
	objects = {

/* Begin PBXBuildFile section */
		03EC1FB329AFBAE800FBFDE1 /* LolError.swift in Sources */ = {isa = PBXBuildFile; fileRef = 03EC1FB229AFBAE800FBFDE1 /* LolError.swift */; };
		03EC1FB529AFBB0400FBFDE1 /* Constants.swift in Sources */ = {isa = PBXBuildFile; fileRef = 03EC1FB429AFBB0400FBFDE1 /* Constants.swift */; };
		03EC1FB729AFC59500FBFDE1 /* TitleLabel.swift in Sources */ = {isa = PBXBuildFile; fileRef = 03EC1FB629AFC59500FBFDE1 /* TitleLabel.swift */; };
		03EC1FB929AFC64400FBFDE1 /* ChampionImageView.swift in Sources */ = {isa = PBXBuildFile; fileRef = 03EC1FB829AFC64400FBFDE1 /* ChampionImageView.swift */; };
		03EC1FBB29AFC7D300FBFDE1 /* ChampionCell.swift in Sources */ = {isa = PBXBuildFile; fileRef = 03EC1FBA29AFC7D300FBFDE1 /* ChampionCell.swift */; };
		03EC1FBD29AFC82F00FBFDE1 /* UIView+Extension.swift in Sources */ = {isa = PBXBuildFile; fileRef = 03EC1FBC29AFC82F00FBFDE1 /* UIView+Extension.swift */; };
		03EC1FBF29AFC8D200FBFDE1 /* ChampionImageSwiftUIView.swift in Sources */ = {isa = PBXBuildFile; fileRef = 03EC1FBE29AFC8D200FBFDE1 /* ChampionImageSwiftUIView.swift */; };
		03EC1FCA29C24B1B00FBFDE1 /* ChampionDetailsViewController.swift in Sources */ = {isa = PBXBuildFile; fileRef = 03EC1FC929C24B1B00FBFDE1 /* ChampionDetailsViewController.swift */; };
		4163CA1E29ACEB7A00B3CEE8 /* AppDelegate.swift in Sources */ = {isa = PBXBuildFile; fileRef = 4163CA1D29ACEB7A00B3CEE8 /* AppDelegate.swift */; };
		4163CA2029ACEB7A00B3CEE8 /* SceneDelegate.swift in Sources */ = {isa = PBXBuildFile; fileRef = 4163CA1F29ACEB7A00B3CEE8 /* SceneDelegate.swift */; };
		4163CA2229ACEB7A00B3CEE8 /* ViewController.swift in Sources */ = {isa = PBXBuildFile; fileRef = 4163CA2129ACEB7A00B3CEE8 /* ViewController.swift */; };
		4163CA2729ACEB7B00B3CEE8 /* Assets.xcassets in Resources */ = {isa = PBXBuildFile; fileRef = 4163CA2629ACEB7B00B3CEE8 /* Assets.xcassets */; };
		4163CA2A29ACEB7B00B3CEE8 /* LaunchScreen.storyboard in Resources */ = {isa = PBXBuildFile; fileRef = 4163CA2829ACEB7B00B3CEE8 /* LaunchScreen.storyboard */; };
		4163CA3229AD912800B3CEE8 /* NetworkManager.swift in Sources */ = {isa = PBXBuildFile; fileRef = 4163CA3129AD912800B3CEE8 /* NetworkManager.swift */; };
		4163CA3429AD9EA500B3CEE8 /* Champions.swift in Sources */ = {isa = PBXBuildFile; fileRef = 4163CA3329AD9EA500B3CEE8 /* Champions.swift */; };
/* End PBXBuildFile section */

/* Begin PBXFileReference section */
		03EC1FB229AFBAE800FBFDE1 /* LolError.swift */ = {isa = PBXFileReference; lastKnownFileType = sourcecode.swift; path = LolError.swift; sourceTree = "<group>"; };
		03EC1FB429AFBB0400FBFDE1 /* Constants.swift */ = {isa = PBXFileReference; lastKnownFileType = sourcecode.swift; path = Constants.swift; sourceTree = "<group>"; };
		03EC1FB629AFC59500FBFDE1 /* TitleLabel.swift */ = {isa = PBXFileReference; lastKnownFileType = sourcecode.swift; path = TitleLabel.swift; sourceTree = "<group>"; };
		03EC1FB829AFC64400FBFDE1 /* ChampionImageView.swift */ = {isa = PBXFileReference; lastKnownFileType = sourcecode.swift; path = ChampionImageView.swift; sourceTree = "<group>"; };
		03EC1FBA29AFC7D300FBFDE1 /* ChampionCell.swift */ = {isa = PBXFileReference; lastKnownFileType = sourcecode.swift; path = ChampionCell.swift; sourceTree = "<group>"; };
		03EC1FBC29AFC82F00FBFDE1 /* UIView+Extension.swift */ = {isa = PBXFileReference; lastKnownFileType = sourcecode.swift; path = "UIView+Extension.swift"; sourceTree = "<group>"; };
		03EC1FBE29AFC8D200FBFDE1 /* ChampionImageSwiftUIView.swift */ = {isa = PBXFileReference; lastKnownFileType = sourcecode.swift; path = ChampionImageSwiftUIView.swift; sourceTree = "<group>"; };
		03EC1FC929C24B1B00FBFDE1 /* ChampionDetailsViewController.swift */ = {isa = PBXFileReference; lastKnownFileType = sourcecode.swift; path = ChampionDetailsViewController.swift; sourceTree = "<group>"; };
		4163CA1A29ACEB7A00B3CEE8 /* LeagueOfSounds.app */ = {isa = PBXFileReference; explicitFileType = wrapper.application; includeInIndex = 0; path = LeagueOfSounds.app; sourceTree = BUILT_PRODUCTS_DIR; };
		4163CA1D29ACEB7A00B3CEE8 /* AppDelegate.swift */ = {isa = PBXFileReference; lastKnownFileType = sourcecode.swift; path = AppDelegate.swift; sourceTree = "<group>"; };
		4163CA1F29ACEB7A00B3CEE8 /* SceneDelegate.swift */ = {isa = PBXFileReference; lastKnownFileType = sourcecode.swift; path = SceneDelegate.swift; sourceTree = "<group>"; };
		4163CA2129ACEB7A00B3CEE8 /* ViewController.swift */ = {isa = PBXFileReference; lastKnownFileType = sourcecode.swift; path = ViewController.swift; sourceTree = "<group>"; };
		4163CA2629ACEB7B00B3CEE8 /* Assets.xcassets */ = {isa = PBXFileReference; lastKnownFileType = folder.assetcatalog; path = Assets.xcassets; sourceTree = "<group>"; };
		4163CA2929ACEB7B00B3CEE8 /* Base */ = {isa = PBXFileReference; lastKnownFileType = file.storyboard; name = Base; path = Base.lproj/LaunchScreen.storyboard; sourceTree = "<group>"; };
		4163CA2B29ACEB7B00B3CEE8 /* Info.plist */ = {isa = PBXFileReference; lastKnownFileType = text.plist.xml; path = Info.plist; sourceTree = "<group>"; };
		4163CA3129AD912800B3CEE8 /* NetworkManager.swift */ = {isa = PBXFileReference; lastKnownFileType = sourcecode.swift; path = NetworkManager.swift; sourceTree = "<group>"; };
		4163CA3329AD9EA500B3CEE8 /* Champions.swift */ = {isa = PBXFileReference; lastKnownFileType = sourcecode.swift; path = Champions.swift; sourceTree = "<group>"; };
/* End PBXFileReference section */

/* Begin PBXFrameworksBuildPhase section */
		4163CA1729ACEB7A00B3CEE8 /* Frameworks */ = {
			isa = PBXFrameworksBuildPhase;
			buildActionMask = 2147483647;
			files = (
			);
			runOnlyForDeploymentPostprocessing = 0;
		};
/* End PBXFrameworksBuildPhase section */

/* Begin PBXGroup section */
		03EC1FAE29AFBA7E00FBFDE1 /* Managers */ = {
			isa = PBXGroup;
			children = (
				4163CA3129AD912800B3CEE8 /* NetworkManager.swift */,
			);
			path = Managers;
			sourceTree = "<group>";
		};
		03EC1FAF29AFBA9100FBFDE1 /* Model */ = {
			isa = PBXGroup;
			children = (
				4163CA3329AD9EA500B3CEE8 /* Champions.swift */,
			);
			path = Model;
			sourceTree = "<group>";
		};
		03EC1FB129AFBABC00FBFDE1 /* Utilities */ = {
			isa = PBXGroup;
			children = (
				03EC1FB229AFBAE800FBFDE1 /* LolError.swift */,
				03EC1FB429AFBB0400FBFDE1 /* Constants.swift */,
			);
			path = Utilities;
			sourceTree = "<group>";
		};
		03EC1FC029AFDE2300FBFDE1 /* Support */ = {
			isa = PBXGroup;
			children = (
				4163CA1D29ACEB7A00B3CEE8 /* AppDelegate.swift */,
				4163CA1F29ACEB7A00B3CEE8 /* SceneDelegate.swift */,
				4163CA2629ACEB7B00B3CEE8 /* Assets.xcassets */,
				4163CA2829ACEB7B00B3CEE8 /* LaunchScreen.storyboard */,
				4163CA2B29ACEB7B00B3CEE8 /* Info.plist */,
			);
			name = Support;
			sourceTree = "<group>";
		};
		4163CA1129ACEB7A00B3CEE8 = {
			isa = PBXGroup;
			children = (
				4163CA1C29ACEB7A00B3CEE8 /* LeagueOfSounds */,
				4163CA1B29ACEB7A00B3CEE8 /* Products */,
			);
			sourceTree = "<group>";
		};
		4163CA1B29ACEB7A00B3CEE8 /* Products */ = {
			isa = PBXGroup;
			children = (
				4163CA1A29ACEB7A00B3CEE8 /* LeagueOfSounds.app */,
			);
			name = Products;
			sourceTree = "<group>";
		};
		4163CA1C29ACEB7A00B3CEE8 /* LeagueOfSounds */ = {
			isa = PBXGroup;
			children = (
				03EC1FC029AFDE2300FBFDE1 /* Support */,
				03EC1FB129AFBABC00FBFDE1 /* Utilities */,
				03EC1FAF29AFBA9100FBFDE1 /* Model */,
				03EC1FAE29AFBA7E00FBFDE1 /* Managers */,
				4163CA2129ACEB7A00B3CEE8 /* ViewController.swift */,
				03EC1FB629AFC59500FBFDE1 /* TitleLabel.swift */,
				03EC1FBA29AFC7D300FBFDE1 /* ChampionCell.swift */,
				03EC1FB829AFC64400FBFDE1 /* ChampionImageView.swift */,
				03EC1FBC29AFC82F00FBFDE1 /* UIView+Extension.swift */,
				03EC1FBE29AFC8D200FBFDE1 /* ChampionImageSwiftUIView.swift */,
				03EC1FC929C24B1B00FBFDE1 /* ChampionDetailsViewController.swift */,
			);
			path = LeagueOfSounds;
			sourceTree = "<group>";
		};
/* End PBXGroup section */

/* Begin PBXNativeTarget section */
		4163CA1929ACEB7A00B3CEE8 /* LeagueOfSounds */ = {
			isa = PBXNativeTarget;
			buildConfigurationList = 4163CA2E29ACEB7B00B3CEE8 /* Build configuration list for PBXNativeTarget "LeagueOfSounds" */;
			buildPhases = (
				4163CA1629ACEB7A00B3CEE8 /* Sources */,
				4163CA1729ACEB7A00B3CEE8 /* Frameworks */,
				4163CA1829ACEB7A00B3CEE8 /* Resources */,
			);
			buildRules = (
			);
			dependencies = (
			);
			name = LeagueOfSounds;
			productName = LeagueOfSounds;
			productReference = 4163CA1A29ACEB7A00B3CEE8 /* LeagueOfSounds.app */;
			productType = "com.apple.product-type.application";
		};
/* End PBXNativeTarget section */

/* Begin PBXProject section */
		4163CA1229ACEB7A00B3CEE8 /* Project object */ = {
			isa = PBXProject;
			attributes = {
				BuildIndependentTargetsInParallel = 1;
				LastSwiftUpdateCheck = 1410;
				LastUpgradeCheck = 1410;
				TargetAttributes = {
					4163CA1929ACEB7A00B3CEE8 = {
						CreatedOnToolsVersion = 14.1;
					};
				};
			};
			buildConfigurationList = 4163CA1529ACEB7A00B3CEE8 /* Build configuration list for PBXProject "LeagueOfSounds" */;
			compatibilityVersion = "Xcode 14.0";
			developmentRegion = en;
			hasScannedForEncodings = 0;
			knownRegions = (
				en,
				Base,
			);
			mainGroup = 4163CA1129ACEB7A00B3CEE8;
			productRefGroup = 4163CA1B29ACEB7A00B3CEE8 /* Products */;
			projectDirPath = "";
			projectRoot = "";
			targets = (
				4163CA1929ACEB7A00B3CEE8 /* LeagueOfSounds */,
			);
		};
/* End PBXProject section */

/* Begin PBXResourcesBuildPhase section */
		4163CA1829ACEB7A00B3CEE8 /* Resources */ = {
			isa = PBXResourcesBuildPhase;
			buildActionMask = 2147483647;
			files = (
				4163CA2A29ACEB7B00B3CEE8 /* LaunchScreen.storyboard in Resources */,
				4163CA2729ACEB7B00B3CEE8 /* Assets.xcassets in Resources */,
			);
			runOnlyForDeploymentPostprocessing = 0;
		};
/* End PBXResourcesBuildPhase section */

/* Begin PBXSourcesBuildPhase section */
		4163CA1629ACEB7A00B3CEE8 /* Sources */ = {
			isa = PBXSourcesBuildPhase;
			buildActionMask = 2147483647;
			files = (
				03EC1FBD29AFC82F00FBFDE1 /* UIView+Extension.swift in Sources */,
				4163CA3429AD9EA500B3CEE8 /* Champions.swift in Sources */,
				03EC1FCA29C24B1B00FBFDE1 /* ChampionDetailsViewController.swift in Sources */,
				03EC1FB929AFC64400FBFDE1 /* ChampionImageView.swift in Sources */,
				4163CA3229AD912800B3CEE8 /* NetworkManager.swift in Sources */,
				03EC1FB329AFBAE800FBFDE1 /* LolError.swift in Sources */,
				4163CA2229ACEB7A00B3CEE8 /* ViewController.swift in Sources */,
				03EC1FB529AFBB0400FBFDE1 /* Constants.swift in Sources */,
				03EC1FB729AFC59500FBFDE1 /* TitleLabel.swift in Sources */,
				03EC1FBB29AFC7D300FBFDE1 /* ChampionCell.swift in Sources */,
				03EC1FBF29AFC8D200FBFDE1 /* ChampionImageSwiftUIView.swift in Sources */,
				4163CA1E29ACEB7A00B3CEE8 /* AppDelegate.swift in Sources */,
				4163CA2029ACEB7A00B3CEE8 /* SceneDelegate.swift in Sources */,
			);
			runOnlyForDeploymentPostprocessing = 0;
		};
/* End PBXSourcesBuildPhase section */

/* Begin PBXVariantGroup section */
		4163CA2829ACEB7B00B3CEE8 /* LaunchScreen.storyboard */ = {
			isa = PBXVariantGroup;
			children = (
				4163CA2929ACEB7B00B3CEE8 /* Base */,
			);
			name = LaunchScreen.storyboard;
			sourceTree = "<group>";
		};
/* End PBXVariantGroup section */

/* Begin XCBuildConfiguration section */
		4163CA2C29ACEB7B00B3CEE8 /* Debug */ = {
			isa = XCBuildConfiguration;
			buildSettings = {
				ALWAYS_SEARCH_USER_PATHS = NO;
				CLANG_ANALYZER_NONNULL = YES;
				CLANG_ANALYZER_NUMBER_OBJECT_CONVERSION = YES_AGGRESSIVE;
				CLANG_CXX_LANGUAGE_STANDARD = "gnu++20";
				CLANG_ENABLE_MODULES = YES;
				CLANG_ENABLE_OBJC_ARC = YES;
				CLANG_ENABLE_OBJC_WEAK = YES;
				CLANG_WARN_BLOCK_CAPTURE_AUTORELEASING = YES;
				CLANG_WARN_BOOL_CONVERSION = YES;
				CLANG_WARN_COMMA = YES;
				CLANG_WARN_CONSTANT_CONVERSION = YES;
				CLANG_WARN_DEPRECATED_OBJC_IMPLEMENTATIONS = YES;
				CLANG_WARN_DIRECT_OBJC_ISA_USAGE = YES_ERROR;
				CLANG_WARN_DOCUMENTATION_COMMENTS = YES;
				CLANG_WARN_EMPTY_BODY = YES;
				CLANG_WARN_ENUM_CONVERSION = YES;
				CLANG_WARN_INFINITE_RECURSION = YES;
				CLANG_WARN_INT_CONVERSION = YES;
				CLANG_WARN_NON_LITERAL_NULL_CONVERSION = YES;
				CLANG_WARN_OBJC_IMPLICIT_RETAIN_SELF = YES;
				CLANG_WARN_OBJC_LITERAL_CONVERSION = YES;
				CLANG_WARN_OBJC_ROOT_CLASS = YES_ERROR;
				CLANG_WARN_QUOTED_INCLUDE_IN_FRAMEWORK_HEADER = YES;
				CLANG_WARN_RANGE_LOOP_ANALYSIS = YES;
				CLANG_WARN_STRICT_PROTOTYPES = YES;
				CLANG_WARN_SUSPICIOUS_MOVE = YES;
				CLANG_WARN_UNGUARDED_AVAILABILITY = YES_AGGRESSIVE;
				CLANG_WARN_UNREACHABLE_CODE = YES;
				CLANG_WARN__DUPLICATE_METHOD_MATCH = YES;
				COPY_PHASE_STRIP = NO;
				DEBUG_INFORMATION_FORMAT = dwarf;
				ENABLE_STRICT_OBJC_MSGSEND = YES;
				ENABLE_TESTABILITY = YES;
				GCC_C_LANGUAGE_STANDARD = gnu11;
				GCC_DYNAMIC_NO_PIC = NO;
				GCC_NO_COMMON_BLOCKS = YES;
				GCC_OPTIMIZATION_LEVEL = 0;
				GCC_PREPROCESSOR_DEFINITIONS = (
					"DEBUG=1",
					"$(inherited)",
				);
				GCC_WARN_64_TO_32_BIT_CONVERSION = YES;
				GCC_WARN_ABOUT_RETURN_TYPE = YES_ERROR;
				GCC_WARN_UNDECLARED_SELECTOR = YES;
				GCC_WARN_UNINITIALIZED_AUTOS = YES_AGGRESSIVE;
				GCC_WARN_UNUSED_FUNCTION = YES;
				GCC_WARN_UNUSED_VARIABLE = YES;
				IPHONEOS_DEPLOYMENT_TARGET = 16.1;
				MTL_ENABLE_DEBUG_INFO = INCLUDE_SOURCE;
				MTL_FAST_MATH = YES;
				ONLY_ACTIVE_ARCH = YES;
				SDKROOT = iphoneos;
				SWIFT_ACTIVE_COMPILATION_CONDITIONS = DEBUG;
				SWIFT_OPTIMIZATION_LEVEL = "-Onone";
			};
			name = Debug;
		};
		4163CA2D29ACEB7B00B3CEE8 /* Release */ = {
			isa = XCBuildConfiguration;
			buildSettings = {
				ALWAYS_SEARCH_USER_PATHS = NO;
				CLANG_ANALYZER_NONNULL = YES;
				CLANG_ANALYZER_NUMBER_OBJECT_CONVERSION = YES_AGGRESSIVE;
				CLANG_CXX_LANGUAGE_STANDARD = "gnu++20";
				CLANG_ENABLE_MODULES = YES;
				CLANG_ENABLE_OBJC_ARC = YES;
				CLANG_ENABLE_OBJC_WEAK = YES;
				CLANG_WARN_BLOCK_CAPTURE_AUTORELEASING = YES;
				CLANG_WARN_BOOL_CONVERSION = YES;
				CLANG_WARN_COMMA = YES;
				CLANG_WARN_CONSTANT_CONVERSION = YES;
				CLANG_WARN_DEPRECATED_OBJC_IMPLEMENTATIONS = YES;
				CLANG_WARN_DIRECT_OBJC_ISA_USAGE = YES_ERROR;
				CLANG_WARN_DOCUMENTATION_COMMENTS = YES;
				CLANG_WARN_EMPTY_BODY = YES;
				CLANG_WARN_ENUM_CONVERSION = YES;
				CLANG_WARN_INFINITE_RECURSION = YES;
				CLANG_WARN_INT_CONVERSION = YES;
				CLANG_WARN_NON_LITERAL_NULL_CONVERSION = YES;
				CLANG_WARN_OBJC_IMPLICIT_RETAIN_SELF = YES;
				CLANG_WARN_OBJC_LITERAL_CONVERSION = YES;
				CLANG_WARN_OBJC_ROOT_CLASS = YES_ERROR;
				CLANG_WARN_QUOTED_INCLUDE_IN_FRAMEWORK_HEADER = YES;
				CLANG_WARN_RANGE_LOOP_ANALYSIS = YES;
				CLANG_WARN_STRICT_PROTOTYPES = YES;
				CLANG_WARN_SUSPICIOUS_MOVE = YES;
				CLANG_WARN_UNGUARDED_AVAILABILITY = YES_AGGRESSIVE;
				CLANG_WARN_UNREACHABLE_CODE = YES;
				CLANG_WARN__DUPLICATE_METHOD_MATCH = YES;
				COPY_PHASE_STRIP = NO;
				DEBUG_INFORMATION_FORMAT = "dwarf-with-dsym";
				ENABLE_NS_ASSERTIONS = NO;
				ENABLE_STRICT_OBJC_MSGSEND = YES;
				GCC_C_LANGUAGE_STANDARD = gnu11;
				GCC_NO_COMMON_BLOCKS = YES;
				GCC_WARN_64_TO_32_BIT_CONVERSION = YES;
				GCC_WARN_ABOUT_RETURN_TYPE = YES_ERROR;
				GCC_WARN_UNDECLARED_SELECTOR = YES;
				GCC_WARN_UNINITIALIZED_AUTOS = YES_AGGRESSIVE;
				GCC_WARN_UNUSED_FUNCTION = YES;
				GCC_WARN_UNUSED_VARIABLE = YES;
				IPHONEOS_DEPLOYMENT_TARGET = 16.1;
				MTL_ENABLE_DEBUG_INFO = NO;
				MTL_FAST_MATH = YES;
				SDKROOT = iphoneos;
				SWIFT_COMPILATION_MODE = wholemodule;
				SWIFT_OPTIMIZATION_LEVEL = "-O";
				VALIDATE_PRODUCT = YES;
			};
			name = Release;
		};
		4163CA2F29ACEB7B00B3CEE8 /* Debug */ = {
			isa = XCBuildConfiguration;
			buildSettings = {
				ASSETCATALOG_COMPILER_APPICON_NAME = AppIcon;
				ASSETCATALOG_COMPILER_GLOBAL_ACCENT_COLOR_NAME = AccentColor;
				CODE_SIGN_STYLE = Automatic;
				CURRENT_PROJECT_VERSION = 1;
				DEVELOPMENT_TEAM = NV49P65Q2R;
				GENERATE_INFOPLIST_FILE = YES;
				INFOPLIST_FILE = LeagueOfSounds/Info.plist;
				INFOPLIST_KEY_UIApplicationSupportsIndirectInputEvents = YES;
				INFOPLIST_KEY_UILaunchStoryboardName = LaunchScreen;
				INFOPLIST_KEY_UISupportedInterfaceOrientations_iPad = "UIInterfaceOrientationPortrait UIInterfaceOrientationPortraitUpsideDown UIInterfaceOrientationLandscapeLeft UIInterfaceOrientationLandscapeRight";
				INFOPLIST_KEY_UISupportedInterfaceOrientations_iPhone = "UIInterfaceOrientationPortrait UIInterfaceOrientationLandscapeLeft UIInterfaceOrientationLandscapeRight";
				IPHONEOS_DEPLOYMENT_TARGET = 15.0;
				LD_RUNPATH_SEARCH_PATHS = (
					"$(inherited)",
					"@executable_path/Frameworks",
				);
				MARKETING_VERSION = 1.0;
				PRODUCT_BUNDLE_IDENTIFIER = akvitae.LeagueOfSounds;
				PRODUCT_NAME = "$(TARGET_NAME)";
				SWIFT_EMIT_LOC_STRINGS = YES;
				SWIFT_VERSION = 5.0;
				TARGETED_DEVICE_FAMILY = "1,2";
			};
			name = Debug;
		};
		4163CA3029ACEB7B00B3CEE8 /* Release */ = {
			isa = XCBuildConfiguration;
			buildSettings = {
				ASSETCATALOG_COMPILER_APPICON_NAME = AppIcon;
				ASSETCATALOG_COMPILER_GLOBAL_ACCENT_COLOR_NAME = AccentColor;
				CODE_SIGN_STYLE = Automatic;
				CURRENT_PROJECT_VERSION = 1;
				DEVELOPMENT_TEAM = NV49P65Q2R;
				GENERATE_INFOPLIST_FILE = YES;
				INFOPLIST_FILE = LeagueOfSounds/Info.plist;
				INFOPLIST_KEY_UIApplicationSupportsIndirectInputEvents = YES;
				INFOPLIST_KEY_UILaunchStoryboardName = LaunchScreen;
				INFOPLIST_KEY_UISupportedInterfaceOrientations_iPad = "UIInterfaceOrientationPortrait UIInterfaceOrientationPortraitUpsideDown UIInterfaceOrientationLandscapeLeft UIInterfaceOrientationLandscapeRight";
				INFOPLIST_KEY_UISupportedInterfaceOrientations_iPhone = "UIInterfaceOrientationPortrait UIInterfaceOrientationLandscapeLeft UIInterfaceOrientationLandscapeRight";
				IPHONEOS_DEPLOYMENT_TARGET = 15.0;
				LD_RUNPATH_SEARCH_PATHS = (
					"$(inherited)",
					"@executable_path/Frameworks",
				);
				MARKETING_VERSION = 1.0;
				PRODUCT_BUNDLE_IDENTIFIER = akvitae.LeagueOfSounds;
				PRODUCT_NAME = "$(TARGET_NAME)";
				SWIFT_EMIT_LOC_STRINGS = YES;
				SWIFT_VERSION = 5.0;
				TARGETED_DEVICE_FAMILY = "1,2";
			};
			name = Release;
		};
/* End XCBuildConfiguration section */

/* Begin XCConfigurationList section */
		4163CA1529ACEB7A00B3CEE8 /* Build configuration list for PBXProject "LeagueOfSounds" */ = {
			isa = XCConfigurationList;
			buildConfigurations = (
				4163CA2C29ACEB7B00B3CEE8 /* Debug */,
				4163CA2D29ACEB7B00B3CEE8 /* Release */,
			);
			defaultConfigurationIsVisible = 0;
			defaultConfigurationName = Release;
		};
		4163CA2E29ACEB7B00B3CEE8 /* Build configuration list for PBXNativeTarget "LeagueOfSounds" */ = {
			isa = XCConfigurationList;
			buildConfigurations = (
				4163CA2F29ACEB7B00B3CEE8 /* Debug */,
				4163CA3029ACEB7B00B3CEE8 /* Release */,
			);
			defaultConfigurationIsVisible = 0;
			defaultConfigurationName = Release;
		};
/* End XCConfigurationList section */
	};
	rootObject = 4163CA1229ACEB7A00B3CEE8 /* Project object */;
}
