// !$*UTF8*$!
{
	archiveVersion = 1;
	classes = {
	};
	objectVersion = 50;
	objects = {

/* Begin PBXBuildFile section */
		4160E18424CB4FBC005853AF /* AppDelegate.swift in Sources */ = {isa = PBXBuildFile; fileRef = 4160E18324CB4FBC005853AF /* AppDelegate.swift */; };
		4160E18624CB4FBC005853AF /* SceneDelegate.swift in Sources */ = {isa = PBXBuildFile; fileRef = 4160E18524CB4FBC005853AF /* SceneDelegate.swift */; };
		4160E18824CB4FBC005853AF /* ContentView.swift in Sources */ = {isa = PBXBuildFile; fileRef = 4160E18724CB4FBC005853AF /* ContentView.swift */; };
		4160E18D24CB4FBD005853AF /* Preview Assets.xcassets in Resources */ = {isa = PBXBuildFile; fileRef = 4160E18C24CB4FBD005853AF /* Preview Assets.xcassets */; };
		4160E19024CB4FBD005853AF /* LaunchScreen.storyboard in Resources */ = {isa = PBXBuildFile; fileRef = 4160E18E24CB4FBD005853AF /* LaunchScreen.storyboard */; };
		4160E1A024CBAA9D005853AF /* ClientVersion.swift in Sources */ = {isa = PBXBuildFile; fileRef = 4160E19F24CBAA9D005853AF /* ClientVersion.swift */; };
		4160E1B124CCE820005853AF /* VersionView.swift in Sources */ = {isa = PBXBuildFile; fileRef = 4160E1B024CCE820005853AF /* VersionView.swift */; };
		4160E1B324CD1F0D005853AF /* ImageLoader.swift in Sources */ = {isa = PBXBuildFile; fileRef = 4160E1B224CD1F0D005853AF /* ImageLoader.swift */; };
		4160E1B524CE8AD6005853AF /* SoundPlayer.swift in Sources */ = {isa = PBXBuildFile; fileRef = 4160E1B424CE8AD6005853AF /* SoundPlayer.swift */; };
		4160E1BB24CF202F005853AF /* placeholder.png in Resources */ = {isa = PBXBuildFile; fileRef = 4160E1BA24CF202F005853AF /* placeholder.png */; };
		4160E1BD24CF2084005853AF /* Assets.xcassets in Resources */ = {isa = PBXBuildFile; fileRef = 4160E1BC24CF2084005853AF /* Assets.xcassets */; };
		4160E1C024CF220D005853AF /* aatroxTest.wav in Resources */ = {isa = PBXBuildFile; fileRef = 4160E1BF24CF220D005853AF /* aatroxTest.wav */; };
		4160E1C424CF4493005853AF /* ChampionData.swift in Sources */ = {isa = PBXBuildFile; fileRef = 4160E1C324CF4493005853AF /* ChampionData.swift */; };
		41D199A024EC171800D8C69A /* VersionManager.swift in Sources */ = {isa = PBXBuildFile; fileRef = 41D1999F24EC171800D8C69A /* VersionManager.swift */; };
		41D199A224ECD87000D8C69A /* ReactiveFormModel.swift in Sources */ = {isa = PBXBuildFile; fileRef = 41D199A124ECD87000D8C69A /* ReactiveFormModel.swift */; };
		41D199A424ECD8A700D8C69A /* ReactiveForm.swift in Sources */ = {isa = PBXBuildFile; fileRef = 41D199A324ECD8A700D8C69A /* ReactiveForm.swift */; };
/* End PBXBuildFile section */

/* Begin PBXFileReference section */
		4160E18024CB4FBC005853AF /* LeagueOfSounds.app */ = {isa = PBXFileReference; explicitFileType = wrapper.application; includeInIndex = 0; path = LeagueOfSounds.app; sourceTree = BUILT_PRODUCTS_DIR; };
		4160E18324CB4FBC005853AF /* AppDelegate.swift */ = {isa = PBXFileReference; lastKnownFileType = sourcecode.swift; path = AppDelegate.swift; sourceTree = "<group>"; };
		4160E18524CB4FBC005853AF /* SceneDelegate.swift */ = {isa = PBXFileReference; lastKnownFileType = sourcecode.swift; path = SceneDelegate.swift; sourceTree = "<group>"; };
		4160E18724CB4FBC005853AF /* ContentView.swift */ = {isa = PBXFileReference; lastKnownFileType = sourcecode.swift; path = ContentView.swift; sourceTree = "<group>"; };
		4160E18C24CB4FBD005853AF /* Preview Assets.xcassets */ = {isa = PBXFileReference; lastKnownFileType = folder.assetcatalog; path = "Preview Assets.xcassets"; sourceTree = "<group>"; };
		4160E18F24CB4FBD005853AF /* Base */ = {isa = PBXFileReference; lastKnownFileType = file.storyboard; name = Base; path = Base.lproj/LaunchScreen.storyboard; sourceTree = "<group>"; };
		4160E19124CB4FBD005853AF /* Info.plist */ = {isa = PBXFileReference; lastKnownFileType = text.plist.xml; path = Info.plist; sourceTree = "<group>"; };
		4160E19F24CBAA9D005853AF /* ClientVersion.swift */ = {isa = PBXFileReference; lastKnownFileType = sourcecode.swift; path = ClientVersion.swift; sourceTree = "<group>"; };
		4160E1B024CCE820005853AF /* VersionView.swift */ = {isa = PBXFileReference; lastKnownFileType = sourcecode.swift; path = VersionView.swift; sourceTree = "<group>"; };
		4160E1B224CD1F0D005853AF /* ImageLoader.swift */ = {isa = PBXFileReference; lastKnownFileType = sourcecode.swift; path = ImageLoader.swift; sourceTree = "<group>"; };
		4160E1B424CE8AD6005853AF /* SoundPlayer.swift */ = {isa = PBXFileReference; lastKnownFileType = sourcecode.swift; path = SoundPlayer.swift; sourceTree = "<group>"; };
		4160E1BA24CF202F005853AF /* placeholder.png */ = {isa = PBXFileReference; lastKnownFileType = image.png; name = placeholder.png; path = Assets.xcassets/placeholder.imageset/placeholder.png; sourceTree = "<group>"; };
		4160E1BC24CF2084005853AF /* Assets.xcassets */ = {isa = PBXFileReference; lastKnownFileType = folder.assetcatalog; path = Assets.xcassets; sourceTree = "<group>"; };
		4160E1BF24CF220D005853AF /* aatroxTest.wav */ = {isa = PBXFileReference; lastKnownFileType = audio.wav; name = aatroxTest.wav; path = LeagueOfSounds/Assets.xcassets/aatroxTest.dataset/aatroxTest.wav; sourceTree = SOURCE_ROOT; };
		4160E1C324CF4493005853AF /* ChampionData.swift */ = {isa = PBXFileReference; lastKnownFileType = sourcecode.swift; path = ChampionData.swift; sourceTree = "<group>"; };
		41D1999F24EC171800D8C69A /* VersionManager.swift */ = {isa = PBXFileReference; lastKnownFileType = sourcecode.swift; path = VersionManager.swift; sourceTree = "<group>"; };
		41D199A124ECD87000D8C69A /* ReactiveFormModel.swift */ = {isa = PBXFileReference; lastKnownFileType = sourcecode.swift; path = ReactiveFormModel.swift; sourceTree = "<group>"; };
		41D199A324ECD8A700D8C69A /* ReactiveForm.swift */ = {isa = PBXFileReference; lastKnownFileType = sourcecode.swift; path = ReactiveForm.swift; sourceTree = "<group>"; };
/* End PBXFileReference section */

/* Begin PBXFrameworksBuildPhase section */
		4160E17D24CB4FBC005853AF /* Frameworks */ = {
			isa = PBXFrameworksBuildPhase;
			buildActionMask = 2147483647;
			files = (
			);
			runOnlyForDeploymentPostprocessing = 0;
		};
/* End PBXFrameworksBuildPhase section */

/* Begin PBXGroup section */
		4160E17724CB4FBC005853AF = {
			isa = PBXGroup;
			children = (
				4160E18224CB4FBC005853AF /* LeagueOfSounds */,
				4160E18124CB4FBC005853AF /* Products */,
			);
			sourceTree = "<group>";
		};
		4160E18124CB4FBC005853AF /* Products */ = {
			isa = PBXGroup;
			children = (
				4160E18024CB4FBC005853AF /* LeagueOfSounds.app */,
			);
			name = Products;
			sourceTree = "<group>";
		};
		4160E18224CB4FBC005853AF /* LeagueOfSounds */ = {
			isa = PBXGroup;
			children = (
				4160E1BE24CF21F3005853AF /* Sounds */,
				4160E1A924CBF356005853AF /* Models */,
				41D199A324ECD8A700D8C69A /* ReactiveForm.swift */,
				4160E18324CB4FBC005853AF /* AppDelegate.swift */,
				4160E18524CB4FBC005853AF /* SceneDelegate.swift */,
				41D1999F24EC171800D8C69A /* VersionManager.swift */,
				4160E18724CB4FBC005853AF /* ContentView.swift */,
				4160E1C324CF4493005853AF /* ChampionData.swift */,
				4160E1B024CCE820005853AF /* VersionView.swift */,
				4160E1B224CD1F0D005853AF /* ImageLoader.swift */,
				4160E1B424CE8AD6005853AF /* SoundPlayer.swift */,
				4160E1BC24CF2084005853AF /* Assets.xcassets */,
				4160E18E24CB4FBD005853AF /* LaunchScreen.storyboard */,
				4160E1BA24CF202F005853AF /* placeholder.png */,
				4160E19124CB4FBD005853AF /* Info.plist */,
				4160E18B24CB4FBD005853AF /* Preview Content */,
			);
			path = LeagueOfSounds;
			sourceTree = "<group>";
		};
		4160E18B24CB4FBD005853AF /* Preview Content */ = {
			isa = PBXGroup;
			children = (
				4160E18C24CB4FBD005853AF /* Preview Assets.xcassets */,
			);
			path = "Preview Content";
			sourceTree = "<group>";
		};
		4160E1A924CBF356005853AF /* Models */ = {
			isa = PBXGroup;
			children = (
				4160E19F24CBAA9D005853AF /* ClientVersion.swift */,
				41D199A124ECD87000D8C69A /* ReactiveFormModel.swift */,
			);
			path = Models;
			sourceTree = "<group>";
		};
		4160E1BE24CF21F3005853AF /* Sounds */ = {
			isa = PBXGroup;
			children = (
				4160E1BF24CF220D005853AF /* aatroxTest.wav */,
			);
			path = Sounds;
			sourceTree = "<group>";
		};
/* End PBXGroup section */

/* Begin PBXNativeTarget section */
		4160E17F24CB4FBC005853AF /* LeagueOfSounds */ = {
			isa = PBXNativeTarget;
			buildConfigurationList = 4160E19424CB4FBD005853AF /* Build configuration list for PBXNativeTarget "LeagueOfSounds" */;
			buildPhases = (
				4160E17C24CB4FBC005853AF /* Sources */,
				4160E17D24CB4FBC005853AF /* Frameworks */,
				4160E17E24CB4FBC005853AF /* Resources */,
			);
			buildRules = (
			);
			dependencies = (
			);
			name = LeagueOfSounds;
			productName = LeagueOfSounds;
			productReference = 4160E18024CB4FBC005853AF /* LeagueOfSounds.app */;
			productType = "com.apple.product-type.application";
		};
/* End PBXNativeTarget section */

/* Begin PBXProject section */
		4160E17824CB4FBC005853AF /* Project object */ = {
			isa = PBXProject;
			attributes = {
				LastSwiftUpdateCheck = 1160;
				LastUpgradeCheck = 1160;
				ORGANIZATIONNAME = "AK-Vitae";
				TargetAttributes = {
					4160E17F24CB4FBC005853AF = {
						CreatedOnToolsVersion = 11.6;
					};
				};
			};
			buildConfigurationList = 4160E17B24CB4FBC005853AF /* Build configuration list for PBXProject "LeagueOfSounds" */;
			compatibilityVersion = "Xcode 9.3";
			developmentRegion = en;
			hasScannedForEncodings = 0;
			knownRegions = (
				en,
				Base,
			);
			mainGroup = 4160E17724CB4FBC005853AF;
			productRefGroup = 4160E18124CB4FBC005853AF /* Products */;
			projectDirPath = "";
			projectRoot = "";
			targets = (
				4160E17F24CB4FBC005853AF /* LeagueOfSounds */,
			);
		};
/* End PBXProject section */

/* Begin PBXResourcesBuildPhase section */
		4160E17E24CB4FBC005853AF /* Resources */ = {
			isa = PBXResourcesBuildPhase;
			buildActionMask = 2147483647;
			files = (
				4160E19024CB4FBD005853AF /* LaunchScreen.storyboard in Resources */,
				4160E18D24CB4FBD005853AF /* Preview Assets.xcassets in Resources */,
				4160E1BB24CF202F005853AF /* placeholder.png in Resources */,
				4160E1BD24CF2084005853AF /* Assets.xcassets in Resources */,
				4160E1C024CF220D005853AF /* aatroxTest.wav in Resources */,
			);
			runOnlyForDeploymentPostprocessing = 0;
		};
/* End PBXResourcesBuildPhase section */

/* Begin PBXSourcesBuildPhase section */
		4160E17C24CB4FBC005853AF /* Sources */ = {
			isa = PBXSourcesBuildPhase;
			buildActionMask = 2147483647;
			files = (
				41D199A424ECD8A700D8C69A /* ReactiveForm.swift in Sources */,
				4160E1A024CBAA9D005853AF /* ClientVersion.swift in Sources */,
				4160E1B324CD1F0D005853AF /* ImageLoader.swift in Sources */,
				41D199A224ECD87000D8C69A /* ReactiveFormModel.swift in Sources */,
				4160E18424CB4FBC005853AF /* AppDelegate.swift in Sources */,
				41D199A024EC171800D8C69A /* VersionManager.swift in Sources */,
				4160E1B524CE8AD6005853AF /* SoundPlayer.swift in Sources */,
				4160E1B124CCE820005853AF /* VersionView.swift in Sources */,
				4160E18624CB4FBC005853AF /* SceneDelegate.swift in Sources */,
				4160E1C424CF4493005853AF /* ChampionData.swift in Sources */,
				4160E18824CB4FBC005853AF /* ContentView.swift in Sources */,
			);
			runOnlyForDeploymentPostprocessing = 0;
		};
/* End PBXSourcesBuildPhase section */

/* Begin PBXVariantGroup section */
		4160E18E24CB4FBD005853AF /* LaunchScreen.storyboard */ = {
			isa = PBXVariantGroup;
			children = (
				4160E18F24CB4FBD005853AF /* Base */,
			);
			name = LaunchScreen.storyboard;
			sourceTree = "<group>";
		};
/* End PBXVariantGroup section */

/* Begin XCBuildConfiguration section */
		4160E19224CB4FBD005853AF /* Debug */ = {
			isa = XCBuildConfiguration;
			buildSettings = {
				ALWAYS_SEARCH_USER_PATHS = NO;
				CLANG_ANALYZER_NONNULL = YES;
				CLANG_ANALYZER_NUMBER_OBJECT_CONVERSION = YES_AGGRESSIVE;
				CLANG_CXX_LANGUAGE_STANDARD = "gnu++14";
				CLANG_CXX_LIBRARY = "libc++";
				CLANG_ENABLE_MODULES = YES;
				CLANG_ENABLE_OBJC_ARC = YES;
				CLANG_ENABLE_OBJC_WEAK = YES;
				CLANG_WARN_BLOCK_CAPTURE_AUTORELEASING = YES;
				CLANG_WARN_BOOL_CONVERSION = YES;
				CLANG_WARN_COMMA = YES;
				CLANG_WARN_CONSTANT_CONVERSION = YES;
				CLANG_WARN_DEPRECATED_OBJC_IMPLEMENTATIONS = YES;
				CLANG_WARN_DIRECT_OBJC_ISA_USAGE = YES_ERROR;
				CLANG_WARN_DOCUMENTATION_COMMENTS = YES;
				CLANG_WARN_EMPTY_BODY = YES;
				CLANG_WARN_ENUM_CONVERSION = YES;
				CLANG_WARN_INFINITE_RECURSION = YES;
				CLANG_WARN_INT_CONVERSION = YES;
				CLANG_WARN_NON_LITERAL_NULL_CONVERSION = YES;
				CLANG_WARN_OBJC_IMPLICIT_RETAIN_SELF = YES;
				CLANG_WARN_OBJC_LITERAL_CONVERSION = YES;
				CLANG_WARN_OBJC_ROOT_CLASS = YES_ERROR;
				CLANG_WARN_RANGE_LOOP_ANALYSIS = YES;
				CLANG_WARN_STRICT_PROTOTYPES = YES;
				CLANG_WARN_SUSPICIOUS_MOVE = YES;
				CLANG_WARN_UNGUARDED_AVAILABILITY = YES_AGGRESSIVE;
				CLANG_WARN_UNREACHABLE_CODE = YES;
				CLANG_WARN__DUPLICATE_METHOD_MATCH = YES;
				COPY_PHASE_STRIP = NO;
				DEBUG_INFORMATION_FORMAT = dwarf;
				ENABLE_STRICT_OBJC_MSGSEND = YES;
				ENABLE_TESTABILITY = YES;
				GCC_C_LANGUAGE_STANDARD = gnu11;
				GCC_DYNAMIC_NO_PIC = NO;
				GCC_NO_COMMON_BLOCKS = YES;
				GCC_OPTIMIZATION_LEVEL = 0;
				GCC_PREPROCESSOR_DEFINITIONS = (
					"DEBUG=1",
					"$(inherited)",
				);
				GCC_WARN_64_TO_32_BIT_CONVERSION = YES;
				GCC_WARN_ABOUT_RETURN_TYPE = YES_ERROR;
				GCC_WARN_UNDECLARED_SELECTOR = YES;
				GCC_WARN_UNINITIALIZED_AUTOS = YES_AGGRESSIVE;
				GCC_WARN_UNUSED_FUNCTION = YES;
				GCC_WARN_UNUSED_VARIABLE = YES;
				IPHONEOS_DEPLOYMENT_TARGET = 13.6;
				MTL_ENABLE_DEBUG_INFO = INCLUDE_SOURCE;
				MTL_FAST_MATH = YES;
				ONLY_ACTIVE_ARCH = YES;
				SDKROOT = iphoneos;
				SWIFT_ACTIVE_COMPILATION_CONDITIONS = DEBUG;
				SWIFT_OPTIMIZATION_LEVEL = "-Onone";
			};
			name = Debug;
		};
		4160E19324CB4FBD005853AF /* Release */ = {
			isa = XCBuildConfiguration;
			buildSettings = {
				ALWAYS_SEARCH_USER_PATHS = NO;
				CLANG_ANALYZER_NONNULL = YES;
				CLANG_ANALYZER_NUMBER_OBJECT_CONVERSION = YES_AGGRESSIVE;
				CLANG_CXX_LANGUAGE_STANDARD = "gnu++14";
				CLANG_CXX_LIBRARY = "libc++";
				CLANG_ENABLE_MODULES = YES;
				CLANG_ENABLE_OBJC_ARC = YES;
				CLANG_ENABLE_OBJC_WEAK = YES;
				CLANG_WARN_BLOCK_CAPTURE_AUTORELEASING = YES;
				CLANG_WARN_BOOL_CONVERSION = YES;
				CLANG_WARN_COMMA = YES;
				CLANG_WARN_CONSTANT_CONVERSION = YES;
				CLANG_WARN_DEPRECATED_OBJC_IMPLEMENTATIONS = YES;
				CLANG_WARN_DIRECT_OBJC_ISA_USAGE = YES_ERROR;
				CLANG_WARN_DOCUMENTATION_COMMENTS = YES;
				CLANG_WARN_EMPTY_BODY = YES;
				CLANG_WARN_ENUM_CONVERSION = YES;
				CLANG_WARN_INFINITE_RECURSION = YES;
				CLANG_WARN_INT_CONVERSION = YES;
				CLANG_WARN_NON_LITERAL_NULL_CONVERSION = YES;
				CLANG_WARN_OBJC_IMPLICIT_RETAIN_SELF = YES;
				CLANG_WARN_OBJC_LITERAL_CONVERSION = YES;
				CLANG_WARN_OBJC_ROOT_CLASS = YES_ERROR;
				CLANG_WARN_RANGE_LOOP_ANALYSIS = YES;
				CLANG_WARN_STRICT_PROTOTYPES = YES;
				CLANG_WARN_SUSPICIOUS_MOVE = YES;
				CLANG_WARN_UNGUARDED_AVAILABILITY = YES_AGGRESSIVE;
				CLANG_WARN_UNREACHABLE_CODE = YES;
				CLANG_WARN__DUPLICATE_METHOD_MATCH = YES;
				COPY_PHASE_STRIP = NO;
				DEBUG_INFORMATION_FORMAT = "dwarf-with-dsym";
				ENABLE_NS_ASSERTIONS = NO;
				ENABLE_STRICT_OBJC_MSGSEND = YES;
				GCC_C_LANGUAGE_STANDARD = gnu11;
				GCC_NO_COMMON_BLOCKS = YES;
				GCC_WARN_64_TO_32_BIT_CONVERSION = YES;
				GCC_WARN_ABOUT_RETURN_TYPE = YES_ERROR;
				GCC_WARN_UNDECLARED_SELECTOR = YES;
				GCC_WARN_UNINITIALIZED_AUTOS = YES_AGGRESSIVE;
				GCC_WARN_UNUSED_FUNCTION = YES;
				GCC_WARN_UNUSED_VARIABLE = YES;
				IPHONEOS_DEPLOYMENT_TARGET = 13.6;
				MTL_ENABLE_DEBUG_INFO = NO;
				MTL_FAST_MATH = YES;
				SDKROOT = iphoneos;
				SWIFT_COMPILATION_MODE = wholemodule;
				SWIFT_OPTIMIZATION_LEVEL = "-O";
				VALIDATE_PRODUCT = YES;
			};
			name = Release;
		};
		4160E19524CB4FBD005853AF /* Debug */ = {
			isa = XCBuildConfiguration;
			buildSettings = {
				ASSETCATALOG_COMPILER_APPICON_NAME = AppIcon;
				CODE_SIGN_STYLE = Automatic;
				DEVELOPMENT_ASSET_PATHS = "\"LeagueOfSounds/Preview Content\"";
				DEVELOPMENT_TEAM = Z36V6ZZ23P;
				ENABLE_PREVIEWS = YES;
				INFOPLIST_FILE = LeagueOfSounds/Info.plist;
				LD_RUNPATH_SEARCH_PATHS = (
					"$(inherited)",
					"@executable_path/Frameworks",
				);
				PRODUCT_BUNDLE_IDENTIFIER = com.akvitae.LeagueOfSounds;
				PRODUCT_NAME = "$(TARGET_NAME)";
				SWIFT_VERSION = 5.0;
				TARGETED_DEVICE_FAMILY = "1,2";
			};
			name = Debug;
		};
		4160E19624CB4FBD005853AF /* Release */ = {
			isa = XCBuildConfiguration;
			buildSettings = {
				ASSETCATALOG_COMPILER_APPICON_NAME = AppIcon;
				CODE_SIGN_STYLE = Automatic;
				DEVELOPMENT_ASSET_PATHS = "\"LeagueOfSounds/Preview Content\"";
				DEVELOPMENT_TEAM = Z36V6ZZ23P;
				ENABLE_PREVIEWS = YES;
				INFOPLIST_FILE = LeagueOfSounds/Info.plist;
				LD_RUNPATH_SEARCH_PATHS = (
					"$(inherited)",
					"@executable_path/Frameworks",
				);
				PRODUCT_BUNDLE_IDENTIFIER = com.akvitae.LeagueOfSounds;
				PRODUCT_NAME = "$(TARGET_NAME)";
				SWIFT_VERSION = 5.0;
				TARGETED_DEVICE_FAMILY = "1,2";
			};
			name = Release;
		};
/* End XCBuildConfiguration section */

/* Begin XCConfigurationList section */
		4160E17B24CB4FBC005853AF /* Build configuration list for PBXProject "LeagueOfSounds" */ = {
			isa = XCConfigurationList;
			buildConfigurations = (
				4160E19224CB4FBD005853AF /* Debug */,
				4160E19324CB4FBD005853AF /* Release */,
			);
			defaultConfigurationIsVisible = 0;
			defaultConfigurationName = Release;
		};
		4160E19424CB4FBD005853AF /* Build configuration list for PBXNativeTarget "LeagueOfSounds" */ = {
			isa = XCConfigurationList;
			buildConfigurations = (
				4160E19524CB4FBD005853AF /* Debug */,
				4160E19624CB4FBD005853AF /* Release */,
			);
			defaultConfigurationIsVisible = 0;
			defaultConfigurationName = Release;
		};
/* End XCConfigurationList section */
	};
	rootObject = 4160E17824CB4FBC005853AF /* Project object */;
}
